
Microsoft Visual Studio Solution File, Format Version 12.00
# Visual Studio Version 17
VisualStudioVersion = 17.6.33815.320
MinimumVisualStudioVersion = 10.0.40219.1
Project("{9A19103F-16F7-4668-BE54-9A1E7A4F7556}") = "Checkout.API", "Services\Checkout\Checkout.API\Checkout.API.csproj", "{181747E1-7235-4AD8-A404-6220BD7BE1D6}"
EndProject
Project("{2150E333-8FDC-42A3-9474-1A3956D46DE8}") = "Services", "Services", "{2C9E45C6-954E-415B-89C8-D84B334E963F}"
EndProject
Project("{2150E333-8FDC-42A3-9474-1A3956D46DE8}") = "Checkout", "Checkout", "{550F7850-1443-42CE-B09A-76BA89D27E28}"
EndProject
Project("{9A19103F-16F7-4668-BE54-9A1E7A4F7556}") = "Checkout.Domain", "Services\Checkout\Checkout.Domain\Checkout.Domain.csproj", "{B4CF0E98-AEEA-4B40-8C40-6728817BBC6A}"
EndProject
Project("{2150E333-8FDC-42A3-9474-1A3956D46DE8}") = "Customer", "Customer", "{33901ECC-587A-483F-A45F-7AFB4D92D87D}"
EndProject
Project("{9A19103F-16F7-4668-BE54-9A1E7A4F7556}") = "Customer.Domain", "Services\Customer\Customer.Domain\Customer.Domain.csproj", "{2CF4A6B8-FAB6-490B-B748-2AA947470483}"
EndProject
Project("{9A19103F-16F7-4668-BE54-9A1E7A4F7556}") = "Customer.Utils", "Services\Customer\Customer.Utils\Customer.Utils.csproj", "{151EE675-AB48-495A-AF60-5EECCE750EC2}"
EndProject
Project("{9A19103F-16F7-4668-BE54-9A1E7A4F7556}") = "Customer.Web", "Services\Customer\Customer.Web\Customer.Web.csproj", "{8D6C18A5-8AAE-45B8-B385-5EA2CF2B7DE5}"
EndProject
Project("{2150E333-8FDC-42A3-9474-1A3956D46DE8}") = "Parser", "Parser", "{C8ED86D0-BDAE-49C1-8E29-62DA096826EC}"
EndProject
Project("{9A19103F-16F7-4668-BE54-9A1E7A4F7556}") = "DataParser", "Services\Parser\DataParser\DataParser.csproj", "{96E36072-2668-47D1-B3BB-887232308D86}"
EndProject
Project("{2150E333-8FDC-42A3-9474-1A3956D46DE8}") = "BuildingBlocks", "BuildingBlocks", "{A9A30394-221D-4D61-9536-FF16AFB7C5D4}"
EndProject
Project("{9A19103F-16F7-4668-BE54-9A1E7A4F7556}") = "EventBus.Messages", "BuildingBlocks\EventBus.Messages\EventBus.Messages.csproj", "{34C0B8BD-44D8-4AC7-BDAF-CADF2FC75206}"
EndProject
Global
	GlobalSection(SolutionConfigurationPlatforms) = preSolution
		Debug|Any CPU = Debug|Any CPU
		Release|Any CPU = Release|Any CPU
	EndGlobalSection
	GlobalSection(ProjectConfigurationPlatforms) = postSolution
		{181747E1-7235-4AD8-A404-6220BD7BE1D6}.Debug|Any CPU.ActiveCfg = Debug|Any CPU
		{181747E1-7235-4AD8-A404-6220BD7BE1D6}.Debug|Any CPU.Build.0 = Debug|Any CPU
		{181747E1-7235-4AD8-A404-6220BD7BE1D6}.Release|Any CPU.ActiveCfg = Release|Any CPU
		{181747E1-7235-4AD8-A404-6220BD7BE1D6}.Release|Any CPU.Build.0 = Release|Any CPU
		{B4CF0E98-AEEA-4B40-8C40-6728817BBC6A}.Debug|Any CPU.ActiveCfg = Debug|Any CPU
		{B4CF0E98-AEEA-4B40-8C40-6728817BBC6A}.Debug|Any CPU.Build.0 = Debug|Any CPU
		{B4CF0E98-AEEA-4B40-8C40-6728817BBC6A}.Release|Any CPU.ActiveCfg = Release|Any CPU
		{B4CF0E98-AEEA-4B40-8C40-6728817BBC6A}.Release|Any CPU.Build.0 = Release|Any CPU
		{2CF4A6B8-FAB6-490B-B748-2AA947470483}.Debug|Any CPU.ActiveCfg = Debug|Any CPU
		{2CF4A6B8-FAB6-490B-B748-2AA947470483}.Debug|Any CPU.Build.0 = Debug|Any CPU
		{2CF4A6B8-FAB6-490B-B748-2AA947470483}.Release|Any CPU.ActiveCfg = Release|Any CPU
		{2CF4A6B8-FAB6-490B-B748-2AA947470483}.Release|Any CPU.Build.0 = Release|Any CPU
		{151EE675-AB48-495A-AF60-5EECCE750EC2}.Debug|Any CPU.ActiveCfg = Debug|Any CPU
		{151EE675-AB48-495A-AF60-5EECCE750EC2}.Debug|Any CPU.Build.0 = Debug|Any CPU
		{151EE675-AB48-495A-AF60-5EECCE750EC2}.Release|Any CPU.ActiveCfg = Release|Any CPU
		{151EE675-AB48-495A-AF60-5EECCE750EC2}.Release|Any CPU.Build.0 = Release|Any CPU
		{8D6C18A5-8AAE-45B8-B385-5EA2CF2B7DE5}.Debug|Any CPU.ActiveCfg = Debug|Any CPU
		{8D6C18A5-8AAE-45B8-B385-5EA2CF2B7DE5}.Debug|Any CPU.Build.0 = Debug|Any CPU
		{8D6C18A5-8AAE-45B8-B385-5EA2CF2B7DE5}.Release|Any CPU.ActiveCfg = Release|Any CPU
		{8D6C18A5-8AAE-45B8-B385-5EA2CF2B7DE5}.Release|Any CPU.Build.0 = Release|Any CPU
		{96E36072-2668-47D1-B3BB-887232308D86}.Debug|Any CPU.ActiveCfg = Debug|Any CPU
		{96E36072-2668-47D1-B3BB-887232308D86}.Debug|Any CPU.Build.0 = Debug|Any CPU
		{96E36072-2668-47D1-B3BB-887232308D86}.Release|Any CPU.ActiveCfg = Release|Any CPU
		{96E36072-2668-47D1-B3BB-887232308D86}.Release|Any CPU.Build.0 = Release|Any CPU
		{34C0B8BD-44D8-4AC7-BDAF-CADF2FC75206}.Debug|Any CPU.ActiveCfg = Debug|Any CPU
		{34C0B8BD-44D8-4AC7-BDAF-CADF2FC75206}.Debug|Any CPU.Build.0 = Debug|Any CPU
		{34C0B8BD-44D8-4AC7-BDAF-CADF2FC75206}.Release|Any CPU.ActiveCfg = Release|Any CPU
		{34C0B8BD-44D8-4AC7-BDAF-CADF2FC75206}.Release|Any CPU.Build.0 = Release|Any CPU
	EndGlobalSection
	GlobalSection(SolutionProperties) = preSolution
		HideSolutionNode = FALSE
	EndGlobalSection
	GlobalSection(NestedProjects) = preSolution
		{181747E1-7235-4AD8-A404-6220BD7BE1D6} = {550F7850-1443-42CE-B09A-76BA89D27E28}
		{550F7850-1443-42CE-B09A-76BA89D27E28} = {2C9E45C6-954E-415B-89C8-D84B334E963F}
		{B4CF0E98-AEEA-4B40-8C40-6728817BBC6A} = {550F7850-1443-42CE-B09A-76BA89D27E28}
		{33901ECC-587A-483F-A45F-7AFB4D92D87D} = {2C9E45C6-954E-415B-89C8-D84B334E963F}
		{2CF4A6B8-FAB6-490B-B748-2AA947470483} = {33901ECC-587A-483F-A45F-7AFB4D92D87D}
		{151EE675-AB48-495A-AF60-5EECCE750EC2} = {33901ECC-587A-483F-A45F-7AFB4D92D87D}
		{8D6C18A5-8AAE-45B8-B385-5EA2CF2B7DE5} = {33901ECC-587A-483F-A45F-7AFB4D92D87D}
		{C8ED86D0-BDAE-49C1-8E29-62DA096826EC} = {2C9E45C6-954E-415B-89C8-D84B334E963F}
		{96E36072-2668-47D1-B3BB-887232308D86} = {C8ED86D0-BDAE-49C1-8E29-62DA096826EC}
		{34C0B8BD-44D8-4AC7-BDAF-CADF2FC75206} = {A9A30394-221D-4D61-9536-FF16AFB7C5D4}
	EndGlobalSection
	GlobalSection(ExtensibilityGlobals) = postSolution
		SolutionGuid = {3D6B8598-72BB-449F-BF0C-FDA364740FAB}
	EndGlobalSection
EndGlobal
